<?xml version="1.0" encoding="utf-8"?>
<Project ToolsVersion="4.0" xmlns="http://schemas.microsoft.com/developer/msbuild/2003">
  <ItemGroup>
    <Filter Include="Resource Files">
      <UniqueIdentifier>{67DA6AB6-F800-4c08-8B7A-83BB121AAD01}</UniqueIdentifier>
      <Extensions>rc;ico;cur;bmp;dlg;rc2;rct;bin;rgs;gif;jpg;jpeg;jpe;resx;tiff;tif;png;wav;mfcribbon-ms</Extensions>
    </Filter>
    <Filter Include="Base">
      <UniqueIdentifier>{f7f8ba70-094f-470e-9914-7b56c42cf8ff}</UniqueIdentifier>
    </Filter>
    <Filter Include="Components">
      <UniqueIdentifier>{2b97b4d9-61e0-4ae0-bcd8-af6e20310d48}</UniqueIdentifier>
    </Filter>
    <Filter Include="Game">
      <UniqueIdentifier>{524cce74-20ff-4543-b50a-be85af404369}</UniqueIdentifier>
    </Filter>
    <Filter Include="Helpers">
      <UniqueIdentifier>{df46c447-56a2-44c3-b13f-0a7d20e6db87}</UniqueIdentifier>
    </Filter>
    <Filter Include="ImGui">
      <UniqueIdentifier>{7d31304e-71d2-45c0-967f-cf64117f85aa}</UniqueIdentifier>
    </Filter>
    <Filter Include="Saves">
      <UniqueIdentifier>{a9aa577d-77f1-404f-be0e-cb1dd6d774fb}</UniqueIdentifier>
    </Filter>
    <Filter Include="Graphics">
      <UniqueIdentifier>{16149300-b4c1-4aa2-8956-8c213b168c46}</UniqueIdentifier>
    </Filter>
    <Filter Include="Scripts">
      <UniqueIdentifier>{ff654b08-0a8f-43d8-b6d6-197ae12e66e6}</UniqueIdentifier>
    </Filter>
    <Filter Include="Behaviours">
      <UniqueIdentifier>{70385938-4629-4cc0-86cf-9e2b5107b96a}</UniqueIdentifier>
    </Filter>
    <Filter Include="Behaviours\Player">
      <UniqueIdentifier>{c6dda0e8-4915-4979-9e29-56e99195f0bc}</UniqueIdentifier>
    </Filter>
    <Filter Include="Behaviours\Bubble">
      <UniqueIdentifier>{3ac18480-e125-4624-967d-716351c47836}</UniqueIdentifier>
    </Filter>
    <Filter Include="Behaviours\Enemies">
      <UniqueIdentifier>{78506679-9c1c-475d-ac6b-f81abdfd3c72}</UniqueIdentifier>
    </Filter>
  </ItemGroup>
  <ItemGroup>
    <ClInclude Include="Singleton.h">
      <Filter>Base</Filter>
    </ClInclude>
    <ClInclude Include="InputManager.h">
      <Filter>Base</Filter>
    </ClInclude>
    <ClInclude Include="ResourceManager.h">
      <Filter>Base</Filter>
    </ClInclude>
    <ClInclude Include="BaseComponent.h">
      <Filter>Components</Filter>
    </ClInclude>
    <ClInclude Include="TextComponent.h">
      <Filter>Components</Filter>
    </ClInclude>
    <ClInclude Include="TextureComponent.h">
      <Filter>Components</Filter>
    </ClInclude>
    <ClInclude Include="TransformComponent.h">
      <Filter>Components</Filter>
    </ClInclude>
    <ClInclude Include="Scene.h">
      <Filter>Game</Filter>
    </ClInclude>
    <ClInclude Include="Texture2D.h">
      <Filter>Helpers</Filter>
    </ClInclude>
    <ClInclude Include="SceneObject.h">
      <Filter>Game</Filter>
    </ClInclude>
    <ClInclude Include="Font.h">
      <Filter>Helpers</Filter>
    </ClInclude>
    <ClInclude Include="GameObject.h">
      <Filter>Game</Filter>
    </ClInclude>
    <ClInclude Include="MiniginPCH.h" />
    <ClInclude Include="imstb_truetype.h">
      <Filter>ImGui</Filter>
    </ClInclude>
    <ClInclude Include="imconfig.h">
      <Filter>ImGui</Filter>
    </ClInclude>
    <ClInclude Include="imgui.h">
      <Filter>ImGui</Filter>
    </ClInclude>
    <ClInclude Include="imgui_internal.h">
      <Filter>ImGui</Filter>
    </ClInclude>
    <ClInclude Include="imstb_rectpack.h">
      <Filter>ImGui</Filter>
    </ClInclude>
    <ClInclude Include="imstb_textedit.h">
      <Filter>ImGui</Filter>
    </ClInclude>
    <ClInclude Include="imgui_sdl.h">
      <Filter>ImGui</Filter>
    </ClInclude>
    <ClInclude Include="GameObjectManager.h">
      <Filter>Base</Filter>
    </ClInclude>
    <ClInclude Include="SceneManager.h">
      <Filter>Base</Filter>
    </ClInclude>
    <ClInclude Include="Components.h">
      <Filter>Components</Filter>
    </ClInclude>
    <ClInclude Include="structs.h">
      <Filter>Helpers</Filter>
    </ClInclude>
    <ClInclude Include="rapidxml.hpp">
      <Filter>Saves</Filter>
    </ClInclude>
    <ClInclude Include="rapidxml_print.hpp">
      <Filter>Saves</Filter>
    </ClInclude>
    <ClInclude Include="SaveHandler.h">
      <Filter>Saves</Filter>
    </ClInclude>
    <ClInclude Include="rapidxml_utils.hpp">
      <Filter>Saves</Filter>
    </ClInclude>
    <ClInclude Include="rapidxml_iterators.hpp">
      <Filter>Saves</Filter>
    </ClInclude>
    <ClInclude Include="RigidbodyComponent.h">
      <Filter>Components</Filter>
    </ClInclude>
    <ClInclude Include="BoxColliderComponent.h">
      <Filter>Components</Filter>
    </ClInclude>
    <ClInclude Include="MovementComponent.h">
      <Filter>Components</Filter>
    </ClInclude>
    <ClInclude Include="ImGuiWindows.h">
      <Filter>Graphics</Filter>
    </ClInclude>
    <ClInclude Include="Renderer.h">
      <Filter>Graphics</Filter>
    </ClInclude>
    <ClInclude Include="GameInfo.h">
      <Filter>Base</Filter>
    </ClInclude>
    <ClInclude Include="AnimatorControllerComponent.h">
      <Filter>Components</Filter>
    </ClInclude>
    <ClInclude Include="Sprite.h">
      <Filter>Helpers</Filter>
    </ClInclude>
    <ClInclude Include="ScriptComponent.h">
      <Filter>Components</Filter>
    </ClInclude>
    <ClInclude Include="Script.h">
      <Filter>Scripts</Filter>
    </ClInclude>
    <ClInclude Include="PlayerScript.h">
      <Filter>Scripts</Filter>
    </ClInclude>
    <ClInclude Include="AllowOneWay.h">
      <Filter>Scripts</Filter>
    </ClInclude>
    <ClInclude Include="FSMComponent.h">
      <Filter>Components</Filter>
    </ClInclude>
    <ClInclude Include="Behaviour.h">
      <Filter>Behaviours</Filter>
    </ClInclude>
    <ClInclude Include="Behaviours.h">
      <Filter>Behaviours</Filter>
    </ClInclude>
    <ClInclude Include="IdleBehaviour.h">
      <Filter>Behaviours\Player</Filter>
    </ClInclude>
    <ClInclude Include="JumpBehaviour.h">
      <Filter>Behaviours\Player</Filter>
    </ClInclude>
    <ClInclude Include="RunBehaviour.h">
      <Filter>Behaviours\Player</Filter>
    </ClInclude>
    <ClInclude Include="BubbleShootBehaviour.h">
      <Filter>Behaviours\Bubble</Filter>
    </ClInclude>
    <ClInclude Include="BubbleHitEnemyBehaviour.h">
      <Filter>Behaviours\Bubble</Filter>
    </ClInclude>
    <ClInclude Include="BubbleFloatBehaviour.h">
      <Filter>Behaviours\Bubble</Filter>
    </ClInclude>
    <ClInclude Include="BubblePopBehaviour.h">
      <Filter>Behaviours\Bubble</Filter>
    </ClInclude>
    <ClInclude Include="Blackboard.h">
      <Filter>Helpers</Filter>
    </ClInclude>
    <ClInclude Include="AttackBehaviour.h">
      <Filter>Behaviours\Player</Filter>
    </ClInclude>
    <ClInclude Include="Observer.h">
      <Filter>Helpers</Filter>
    </ClInclude>
    <ClInclude Include="Subject.h">
      <Filter>Helpers</Filter>
    </ClInclude>
    <ClInclude Include="ContactListener.h">
      <Filter>Helpers</Filter>
    </ClInclude>
    <ClInclude Include="EnemyJump.h">
      <Filter>Behaviours\Enemies</Filter>
    </ClInclude>
    <ClInclude Include="RayCastCallback.h">
      <Filter>Helpers</Filter>
    </ClInclude>
    <ClInclude Include="EnemyScan.h">
      <Filter>Behaviours\Enemies</Filter>
    </ClInclude>
    <ClInclude Include="EnemyMove.h">
      <Filter>Behaviours\Enemies</Filter>
    </ClInclude>
  </ItemGroup>
  <ItemGroup>
    <ClCompile Include="InputManager.cpp">
      <Filter>Base</Filter>
    </ClCompile>
    <ClCompile Include="ResourceManager.cpp">
      <Filter>Base</Filter>
    </ClCompile>
    <ClCompile Include="BaseComponent.cpp">
      <Filter>Components</Filter>
    </ClCompile>
    <ClCompile Include="TextComponent.cpp">
      <Filter>Components</Filter>
    </ClCompile>
    <ClCompile Include="TextureComponent.cpp">
      <Filter>Components</Filter>
    </ClCompile>
    <ClCompile Include="TransformComponent.cpp">
      <Filter>Components</Filter>
    </ClCompile>
    <ClCompile Include="Scene.cpp">
      <Filter>Game</Filter>
    </ClCompile>
    <ClCompile Include="Texture2D.cpp">
      <Filter>Helpers</Filter>
    </ClCompile>
    <ClCompile Include="Font.cpp">
      <Filter>Helpers</Filter>
    </ClCompile>
    <ClCompile Include="GameObject.cpp">
      <Filter>Game</Filter>
    </ClCompile>
    <ClCompile Include="MiniginPCH.cpp" />
    <ClCompile Include="imgui.cpp">
      <Filter>ImGui</Filter>
    </ClCompile>
    <ClCompile Include="imgui_demo.cpp">
      <Filter>ImGui</Filter>
    </ClCompile>
    <ClCompile Include="imgui_draw.cpp">
      <Filter>ImGui</Filter>
    </ClCompile>
    <ClCompile Include="imgui_widgets.cpp">
      <Filter>ImGui</Filter>
    </ClCompile>
    <ClCompile Include="imgui_sdl.cpp">
      <Filter>ImGui</Filter>
    </ClCompile>
    <ClCompile Include="GameObjectManager.cpp">
      <Filter>Base</Filter>
    </ClCompile>
    <ClCompile Include="SceneManager.cpp">
      <Filter>Base</Filter>
    </ClCompile>
    <ClCompile Include="SaveHandler.cpp">
      <Filter>Saves</Filter>
    </ClCompile>
    <ClCompile Include="RigidbodyComponent.cpp">
      <Filter>Components</Filter>
    </ClCompile>
    <ClCompile Include="BoxColliderComponent.cpp">
      <Filter>Components</Filter>
    </ClCompile>
    <ClCompile Include="MovementComponent.cpp">
      <Filter>Components</Filter>
    </ClCompile>
    <ClCompile Include="ImGuiWindows.cpp">
      <Filter>Graphics</Filter>
    </ClCompile>
    <ClCompile Include="Renderer.cpp">
      <Filter>Graphics</Filter>
    </ClCompile>
    <ClCompile Include="GameInfo.cpp">
      <Filter>Base</Filter>
    </ClCompile>
    <ClCompile Include="AnimatorControllerComponent.cpp">
      <Filter>Components</Filter>
    </ClCompile>
    <ClCompile Include="Sprite.cpp">
      <Filter>Helpers</Filter>
    </ClCompile>
    <ClCompile Include="ScriptComponent.cpp">
      <Filter>Components</Filter>
    </ClCompile>
    <ClCompile Include="Script.cpp">
      <Filter>Scripts</Filter>
    </ClCompile>
    <ClCompile Include="PlayerScript.cpp">
      <Filter>Scripts</Filter>
    </ClCompile>
    <ClCompile Include="AllowOneWay.cpp">
      <Filter>Scripts</Filter>
    </ClCompile>
    <ClCompile Include="FSMComponent.cpp">
      <Filter>Components</Filter>
    </ClCompile>
    <ClCompile Include="Behaviour.cpp">
      <Filter>Behaviours</Filter>
    </ClCompile>
    <ClCompile Include="IdleBehaviour.cpp">
      <Filter>Behaviours\Player</Filter>
    </ClCompile>
    <ClCompile Include="JumpBehaviour.cpp">
      <Filter>Behaviours\Player</Filter>
    </ClCompile>
    <ClCompile Include="RunBehaviour.cpp">
      <Filter>Behaviours\Player</Filter>
    </ClCompile>
    <ClCompile Include="BubbleShootBehaviour.cpp">
      <Filter>Behaviours\Bubble</Filter>
    </ClCompile>
    <ClCompile Include="BubbleFloatBehaviour.cpp">
      <Filter>Behaviours\Bubble</Filter>
    </ClCompile>
    <ClCompile Include="BubbleHitEnemyBehaviour.cpp">
      <Filter>Behaviours\Bubble</Filter>
    </ClCompile>
    <ClCompile Include="BubblePopBehaviour.cpp">
      <Filter>Behaviours\Bubble</Filter>
    </ClCompile>
    <ClCompile Include="AttackBehaviour.cpp">
      <Filter>Behaviours\Player</Filter>
    </ClCompile>
    <ClCompile Include="Subject.cpp">
      <Filter>Helpers</Filter>
    </ClCompile>
    <ClCompile Include="ContactListener.cpp">
      <Filter>Helpers</Filter>
    </ClCompile>
    <ClCompile Include="EnemyJump.cpp">
      <Filter>Behaviours\Enemies</Filter>
    </ClCompile>
    <ClCompile Include="RayCastCallback.cpp">
      <Filter>Helpers</Filter>
    </ClCompile>
    <ClCompile Include="EnemyScan.cpp">
      <Filter>Behaviours\Enemies</Filter>
    </ClCompile>
    <ClCompile Include="EnemyMove.cpp">
      <Filter>Behaviours\Enemies</Filter>
    </ClCompile>
  </ItemGroup>
</Project>